
Microsoft Visual Studio Solution File, Format Version 12.00
# Visual Studio Version 17
VisualStudioVersion = 17.4.33213.308
MinimumVisualStudioVersion = 10.0.40219.1
Project("{9A19103F-16F7-4668-BE54-9A1E7A4F7556}") = "RPG", "RPG\RPG.csproj", "{A924FD96-849E-46F6-A31D-A9A003B0CFED}"
EndProject
Project("{FAE04EC0-301F-11D3-BF4B-00C04F79EFBC}") = "RPGTests", "RPGTests\RPGTests.csproj", "{6EF8A526-466B-48D8-897F-527F55F973C9}"
EndProject
Global
	GlobalSection(SolutionConfigurationPlatforms) = preSolution
		Debug|Any CPU = Debug|Any CPU
		Release|Any CPU = Release|Any CPU
	EndGlobalSection
	GlobalSection(ProjectConfigurationPlatforms) = postSolution
		{A924FD96-849E-46F6-A31D-A9A003B0CFED}.Debug|Any CPU.ActiveCfg = Debug|Any CPU
		{A924FD96-849E-46F6-A31D-A9A003B0CFED}.Debug|Any CPU.Build.0 = Debug|Any CPU
		{A924FD96-849E-46F6-A31D-A9A003B0CFED}.Release|Any CPU.ActiveCfg = Release|Any CPU
		{A924FD96-849E-46F6-A31D-A9A003B0CFED}.Release|Any CPU.Build.0 = Release|Any CPU
		{6EF8A526-466B-48D8-897F-527F55F973C9}.Debug|Any CPU.ActiveCfg = Debug|Any CPU
		{6EF8A526-466B-48D8-897F-527F55F973C9}.Debug|Any CPU.Build.0 = Debug|Any CPU
		{6EF8A526-466B-48D8-897F-527F55F973C9}.Release|Any CPU.ActiveCfg = Release|Any CPU
		{6EF8A526-466B-48D8-897F-527F55F973C9}.Release|Any CPU.Build.0 = Release|Any CPU
	EndGlobalSection
	GlobalSection(SolutionProperties) = preSolution
		HideSolutionNode = FALSE
	EndGlobalSection
	GlobalSection(ExtensibilityGlobals) = postSolution
		SolutionGuid = {7BA15227-1A79-48E2-8596-C9029833A798}
	EndGlobalSection
EndGlobal
